// !$*UTF8*$!
{
	archiveVersion = 1;
	classes = {
	};
	objectVersion = 50;
	objects = {

/* Begin PBXBuildFile section */
		EA0FD5A024C2B22D007EAE5D /* AppDelegate.swift in Sources */ = {isa = PBXBuildFile; fileRef = EA0FD59F24C2B22D007EAE5D /* AppDelegate.swift */; };
		EA0FD5A224C2B22D007EAE5D /* SceneDelegate.swift in Sources */ = {isa = PBXBuildFile; fileRef = EA0FD5A124C2B22D007EAE5D /* SceneDelegate.swift */; };
		EA0FD5A924C2B230007EAE5D /* Assets.xcassets in Resources */ = {isa = PBXBuildFile; fileRef = EA0FD5A824C2B230007EAE5D /* Assets.xcassets */; };
		EA0FD5AC24C2B230007EAE5D /* LaunchScreen.storyboard in Resources */ = {isa = PBXBuildFile; fileRef = EA0FD5AA24C2B230007EAE5D /* LaunchScreen.storyboard */; };
		EA0FD5B624C2B44E007EAE5D /* CharacterListViewController.swift in Sources */ = {isa = PBXBuildFile; fileRef = EA0FD5B524C2B44E007EAE5D /* CharacterListViewController.swift */; };
		EA0FD5B924C2B879007EAE5D /* Service.swift in Sources */ = {isa = PBXBuildFile; fileRef = EA0FD5B824C2B879007EAE5D /* Service.swift */; };
		EA0FD5BB24C2BA06007EAE5D /* HTTPMethod.swift in Sources */ = {isa = PBXBuildFile; fileRef = EA0FD5BA24C2BA06007EAE5D /* HTTPMethod.swift */; };
		EA34254624C35F2F009C043E /* CharactersData.swift in Sources */ = {isa = PBXBuildFile; fileRef = EA34254524C35F2F009C043E /* CharactersData.swift */; };
		EA34254824C36206009C043E /* Character.swift in Sources */ = {isa = PBXBuildFile; fileRef = EA34254724C36206009C043E /* Character.swift */; };
		EA34254A24C380EF009C043E /* ServiceError.swift in Sources */ = {isa = PBXBuildFile; fileRef = EA34254924C380EF009C043E /* ServiceError.swift */; };
		EA34254C24C383FB009C043E /* EndPoint.swift in Sources */ = {isa = PBXBuildFile; fileRef = EA34254B24C383FB009C043E /* EndPoint.swift */; };
		EA34254F24C3847D009C043E /* Dictionary+Extension.swift in Sources */ = {isa = PBXBuildFile; fileRef = EA34254E24C3847D009C043E /* Dictionary+Extension.swift */; };
		EA34255124C384EF009C043E /* CharactersEndpoint.swift in Sources */ = {isa = PBXBuildFile; fileRef = EA34255024C384EF009C043E /* CharactersEndpoint.swift */; };
		EA34255424C38DF8009C043E /* CharacterListPresenter.swift in Sources */ = {isa = PBXBuildFile; fileRef = EA34255324C38DF8009C043E /* CharacterListPresenter.swift */; };
		EA34255724C39576009C043E /* CodeView.swift in Sources */ = {isa = PBXBuildFile; fileRef = EA34255624C39576009C043E /* CodeView.swift */; };
		EA34255B24C39642009C043E /* LoadingView.swift in Sources */ = {isa = PBXBuildFile; fileRef = EA34255A24C39642009C043E /* LoadingView.swift */; };
		EA34255D24C39789009C043E /* ConstraintView+Extension.swift in Sources */ = {isa = PBXBuildFile; fileRef = EA34255C24C39789009C043E /* ConstraintView+Extension.swift */; };
		EA38943C24C350F7009EFCA2 /* Localizable.strings in Resources */ = {isa = PBXBuildFile; fileRef = EA38943E24C350F7009EFCA2 /* Localizable.strings */; };
		EA38944224C351F4009EFCA2 /* Strings+Generated.swift in Sources */ = {isa = PBXBuildFile; fileRef = EA38944124C351F4009EFCA2 /* Strings+Generated.swift */; };
		EA38944624C3555D009EFCA2 /* CharacterListService.swift in Sources */ = {isa = PBXBuildFile; fileRef = EA38944524C3555D009EFCA2 /* CharacterListService.swift */; };
		EADD1EC124C39BBB00B506E6 /* CharacterListView.swift in Sources */ = {isa = PBXBuildFile; fileRef = EADD1EC024C39BBA00B506E6 /* CharacterListView.swift */; };
		EADD1EC424C3A32400B506E6 /* CharacterListDataSource.swift in Sources */ = {isa = PBXBuildFile; fileRef = EADD1EC324C3A32400B506E6 /* CharacterListDataSource.swift */; };
/* End PBXBuildFile section */

/* Begin PBXFileReference section */
		EA0FD59C24C2B22D007EAE5D /* MarvelCharacters.app */ = {isa = PBXFileReference; explicitFileType = wrapper.application; includeInIndex = 0; path = MarvelCharacters.app; sourceTree = BUILT_PRODUCTS_DIR; };
		EA0FD59F24C2B22D007EAE5D /* AppDelegate.swift */ = {isa = PBXFileReference; lastKnownFileType = sourcecode.swift; path = AppDelegate.swift; sourceTree = "<group>"; };
		EA0FD5A124C2B22D007EAE5D /* SceneDelegate.swift */ = {isa = PBXFileReference; lastKnownFileType = sourcecode.swift; path = SceneDelegate.swift; sourceTree = "<group>"; };
		EA0FD5A824C2B230007EAE5D /* Assets.xcassets */ = {isa = PBXFileReference; lastKnownFileType = folder.assetcatalog; path = Assets.xcassets; sourceTree = "<group>"; };
		EA0FD5AB24C2B230007EAE5D /* Base */ = {isa = PBXFileReference; lastKnownFileType = file.storyboard; name = Base; path = Base.lproj/LaunchScreen.storyboard; sourceTree = "<group>"; };
		EA0FD5AD24C2B230007EAE5D /* Info.plist */ = {isa = PBXFileReference; lastKnownFileType = text.plist.xml; path = Info.plist; sourceTree = "<group>"; };
		EA0FD5B524C2B44E007EAE5D /* CharacterListViewController.swift */ = {isa = PBXFileReference; lastKnownFileType = sourcecode.swift; path = CharacterListViewController.swift; sourceTree = "<group>"; };
		EA0FD5B824C2B879007EAE5D /* Service.swift */ = {isa = PBXFileReference; lastKnownFileType = sourcecode.swift; path = Service.swift; sourceTree = "<group>"; };
		EA0FD5BA24C2BA06007EAE5D /* HTTPMethod.swift */ = {isa = PBXFileReference; lastKnownFileType = sourcecode.swift; path = HTTPMethod.swift; sourceTree = "<group>"; };
		EA34254524C35F2F009C043E /* CharactersData.swift */ = {isa = PBXFileReference; lastKnownFileType = sourcecode.swift; path = CharactersData.swift; sourceTree = "<group>"; };
		EA34254724C36206009C043E /* Character.swift */ = {isa = PBXFileReference; lastKnownFileType = sourcecode.swift; path = Character.swift; sourceTree = "<group>"; };
		EA34254924C380EF009C043E /* ServiceError.swift */ = {isa = PBXFileReference; lastKnownFileType = sourcecode.swift; path = ServiceError.swift; sourceTree = "<group>"; };
		EA34254B24C383FB009C043E /* EndPoint.swift */ = {isa = PBXFileReference; lastKnownFileType = sourcecode.swift; path = EndPoint.swift; sourceTree = "<group>"; };
		EA34254E24C3847D009C043E /* Dictionary+Extension.swift */ = {isa = PBXFileReference; lastKnownFileType = sourcecode.swift; path = "Dictionary+Extension.swift"; sourceTree = "<group>"; };
		EA34255024C384EF009C043E /* CharactersEndpoint.swift */ = {isa = PBXFileReference; lastKnownFileType = sourcecode.swift; path = CharactersEndpoint.swift; sourceTree = "<group>"; };
		EA34255324C38DF8009C043E /* CharacterListPresenter.swift */ = {isa = PBXFileReference; lastKnownFileType = sourcecode.swift; path = CharacterListPresenter.swift; sourceTree = "<group>"; };
		EA34255624C39576009C043E /* CodeView.swift */ = {isa = PBXFileReference; lastKnownFileType = sourcecode.swift; path = CodeView.swift; sourceTree = "<group>"; };
		EA34255A24C39642009C043E /* LoadingView.swift */ = {isa = PBXFileReference; lastKnownFileType = sourcecode.swift; path = LoadingView.swift; sourceTree = "<group>"; };
		EA34255C24C39789009C043E /* ConstraintView+Extension.swift */ = {isa = PBXFileReference; lastKnownFileType = sourcecode.swift; path = "ConstraintView+Extension.swift"; sourceTree = "<group>"; };
		EA38943D24C350F7009EFCA2 /* en */ = {isa = PBXFileReference; lastKnownFileType = text.plist.strings; name = en; path = en.lproj/Localizable.strings; sourceTree = "<group>"; };
		EA38944124C351F4009EFCA2 /* Strings+Generated.swift */ = {isa = PBXFileReference; lastKnownFileType = sourcecode.swift; path = "Strings+Generated.swift"; sourceTree = "<group>"; };
		EA38944524C3555D009EFCA2 /* CharacterListService.swift */ = {isa = PBXFileReference; lastKnownFileType = sourcecode.swift; path = CharacterListService.swift; sourceTree = "<group>"; };
		EADD1EC024C39BBA00B506E6 /* CharacterListView.swift */ = {isa = PBXFileReference; lastKnownFileType = sourcecode.swift; path = CharacterListView.swift; sourceTree = "<group>"; };
		EADD1EC324C3A32400B506E6 /* CharacterListDataSource.swift */ = {isa = PBXFileReference; lastKnownFileType = sourcecode.swift; path = CharacterListDataSource.swift; sourceTree = "<group>"; };
/* End PBXFileReference section */

/* Begin PBXFrameworksBuildPhase section */
		EA0FD59924C2B22D007EAE5D /* Frameworks */ = {
			isa = PBXFrameworksBuildPhase;
			buildActionMask = 2147483647;
			files = (
			);
			runOnlyForDeploymentPostprocessing = 0;
		};
/* End PBXFrameworksBuildPhase section */

/* Begin PBXGroup section */
		EA0FD59324C2B22D007EAE5D = {
			isa = PBXGroup;
			children = (
				EA0FD59E24C2B22D007EAE5D /* MarvelCharacters */,
				EA0FD59D24C2B22D007EAE5D /* Products */,
			);
			sourceTree = "<group>";
		};
		EA0FD59D24C2B22D007EAE5D /* Products */ = {
			isa = PBXGroup;
			children = (
				EA0FD59C24C2B22D007EAE5D /* MarvelCharacters.app */,
			);
			name = Products;
			sourceTree = "<group>";
		};
		EA0FD59E24C2B22D007EAE5D /* MarvelCharacters */ = {
			isa = PBXGroup;
			children = (
				EA0FD59F24C2B22D007EAE5D /* AppDelegate.swift */,
				EA0FD5A124C2B22D007EAE5D /* SceneDelegate.swift */,
				EA34254D24C3845B009C043E /* Extension */,
				EA34254424C35E5D009C043E /* Model */,
				EA34255824C395C8009C043E /* UI */,
				EA0FD5B324C2B3FC007EAE5D /* Features */,
				EA34255524C3955D009C043E /* CodeView */,
				EA0FD5B724C2B857007EAE5D /* Network */,
				EA38943924C350A3009EFCA2 /* Resources */,
				EA0FD5A824C2B230007EAE5D /* Assets.xcassets */,
				EA0FD5AA24C2B230007EAE5D /* LaunchScreen.storyboard */,
				EA0FD5AD24C2B230007EAE5D /* Info.plist */,
			);
			path = MarvelCharacters;
			sourceTree = "<group>";
		};
		EA0FD5B324C2B3FC007EAE5D /* Features */ = {
			isa = PBXGroup;
			children = (
				EA38944324C354F5009EFCA2 /* CharacterList */,
			);
			path = Features;
			sourceTree = "<group>";
		};
		EA0FD5B424C2B415007EAE5D /* Views */ = {
			isa = PBXGroup;
			children = (
				EA0FD5B524C2B44E007EAE5D /* CharacterListViewController.swift */,
				EADD1EC024C39BBA00B506E6 /* CharacterListView.swift */,
			);
			path = Views;
			sourceTree = "<group>";
		};
		EA0FD5B724C2B857007EAE5D /* Network */ = {
			isa = PBXGroup;
			children = (
				EA0FD5B824C2B879007EAE5D /* Service.swift */,
				EA34254924C380EF009C043E /* ServiceError.swift */,
				EA0FD5BA24C2BA06007EAE5D /* HTTPMethod.swift */,
				EA34254B24C383FB009C043E /* EndPoint.swift */,
			);
			path = Network;
			sourceTree = "<group>";
		};
		EA34254424C35E5D009C043E /* Model */ = {
			isa = PBXGroup;
			children = (
				EA34254524C35F2F009C043E /* CharactersData.swift */,
				EA34254724C36206009C043E /* Character.swift */,
			);
			path = Model;
			sourceTree = "<group>";
		};
		EA34254D24C3845B009C043E /* Extension */ = {
			isa = PBXGroup;
			children = (
				EA34255C24C39789009C043E /* ConstraintView+Extension.swift */,
				EA34254E24C3847D009C043E /* Dictionary+Extension.swift */,
			);
			path = Extension;
			sourceTree = "<group>";
		};
		EA34255224C38DD9009C043E /* Presenter */ = {
			isa = PBXGroup;
			children = (
				EA34255324C38DF8009C043E /* CharacterListPresenter.swift */,
			);
			path = Presenter;
			sourceTree = "<group>";
		};
		EA34255524C3955D009C043E /* CodeView */ = {
			isa = PBXGroup;
			children = (
				EA34255624C39576009C043E /* CodeView.swift */,
			);
			path = CodeView;
			sourceTree = "<group>";
		};
		EA34255824C395C8009C043E /* UI */ = {
			isa = PBXGroup;
			children = (
				EA34255A24C39642009C043E /* LoadingView.swift */,
			);
			path = UI;
			sourceTree = "<group>";
		};
		EA38943924C350A3009EFCA2 /* Resources */ = {
			isa = PBXGroup;
			children = (
				EA38944024C351A8009EFCA2 /* Generated */,
				EA38943F24C3514A009EFCA2 /* Strings */,
			);
			path = Resources;
			sourceTree = "<group>";
		};
		EA38943F24C3514A009EFCA2 /* Strings */ = {
			isa = PBXGroup;
			children = (
				EA38943E24C350F7009EFCA2 /* Localizable.strings */,
			);
			path = Strings;
			sourceTree = "<group>";
		};
		EA38944024C351A8009EFCA2 /* Generated */ = {
			isa = PBXGroup;
			children = (
				EA38944124C351F4009EFCA2 /* Strings+Generated.swift */,
			);
			path = Generated;
			sourceTree = "<group>";
		};
		EA38944324C354F5009EFCA2 /* CharacterList */ = {
			isa = PBXGroup;
			children = (
				EA34255224C38DD9009C043E /* Presenter */,
				EA38944424C3551F009EFCA2 /* Service */,
				EADD1EC224C3A2F700B506E6 /* DataSource */,
				EA0FD5B424C2B415007EAE5D /* Views */,
			);
			path = CharacterList;
			sourceTree = "<group>";
		};
		EA38944424C3551F009EFCA2 /* Service */ = {
			isa = PBXGroup;
			children = (
				EA38944524C3555D009EFCA2 /* CharacterListService.swift */,
				EA34255024C384EF009C043E /* CharactersEndpoint.swift */,
			);
			path = Service;
			sourceTree = "<group>";
		};
		EADD1EC224C3A2F700B506E6 /* DataSource */ = {
			isa = PBXGroup;
			children = (
				EADD1EC324C3A32400B506E6 /* CharacterListDataSource.swift */,
			);
			path = DataSource;
			sourceTree = "<group>";
		};
/* End PBXGroup section */

/* Begin PBXNativeTarget section */
		EA0FD59B24C2B22D007EAE5D /* MarvelCharacters */ = {
			isa = PBXNativeTarget;
			buildConfigurationList = EA0FD5B024C2B230007EAE5D /* Build configuration list for PBXNativeTarget "MarvelCharacters" */;
			buildPhases = (
				EA0FD5BC24C3421D007EAE5D /* SwiftLint */,
				EA38943824C35001009EFCA2 /* SwiftGen */,
				EA0FD59824C2B22D007EAE5D /* Sources */,
				EA0FD59924C2B22D007EAE5D /* Frameworks */,
				EA0FD59A24C2B22D007EAE5D /* Resources */,
			);
			buildRules = (
			);
			dependencies = (
			);
			name = MarvelCharacters;
			productName = MarvelCharacters;
			productReference = EA0FD59C24C2B22D007EAE5D /* MarvelCharacters.app */;
			productType = "com.apple.product-type.application";
		};
/* End PBXNativeTarget section */

/* Begin PBXProject section */
		EA0FD59424C2B22D007EAE5D /* Project object */ = {
			isa = PBXProject;
			attributes = {
				LastSwiftUpdateCheck = 1150;
				LastUpgradeCheck = 1150;
				ORGANIZATIONNAME = "Alex Barbosa";
				TargetAttributes = {
					EA0FD59B24C2B22D007EAE5D = {
						CreatedOnToolsVersion = 11.5;
					};
				};
			};
			buildConfigurationList = EA0FD59724C2B22D007EAE5D /* Build configuration list for PBXProject "MarvelCharacters" */;
			compatibilityVersion = "Xcode 9.3";
			developmentRegion = en;
			hasScannedForEncodings = 0;
			knownRegions = (
				en,
				Base,
			);
			mainGroup = EA0FD59324C2B22D007EAE5D;
			productRefGroup = EA0FD59D24C2B22D007EAE5D /* Products */;
			projectDirPath = "";
			projectRoot = "";
			targets = (
				EA0FD59B24C2B22D007EAE5D /* MarvelCharacters */,
			);
		};
/* End PBXProject section */

/* Begin PBXResourcesBuildPhase section */
		EA0FD59A24C2B22D007EAE5D /* Resources */ = {
			isa = PBXResourcesBuildPhase;
			buildActionMask = 2147483647;
			files = (
				EA0FD5AC24C2B230007EAE5D /* LaunchScreen.storyboard in Resources */,
				EA38943C24C350F7009EFCA2 /* Localizable.strings in Resources */,
				EA0FD5A924C2B230007EAE5D /* Assets.xcassets in Resources */,
			);
			runOnlyForDeploymentPostprocessing = 0;
		};
/* End PBXResourcesBuildPhase section */

/* Begin PBXShellScriptBuildPhase section */
		EA0FD5BC24C3421D007EAE5D /* SwiftLint */ = {
			isa = PBXShellScriptBuildPhase;
			buildActionMask = 2147483647;
			files = (
			);
			inputFileListPaths = (
			);
			inputPaths = (
			);
			name = SwiftLint;
			outputFileListPaths = (
			);
			outputPaths = (
			);
			runOnlyForDeploymentPostprocessing = 0;
			shellPath = /bin/sh;
			shellScript = "if which swiftlint >/dev/null; then\n  swiftlint\nelse\n  echo \"warning: SwiftLint not installed, download from https://github.com/realm/SwiftLint\"\nfi\n";
		};
		EA38943824C35001009EFCA2 /* SwiftGen */ = {
			isa = PBXShellScriptBuildPhase;
			buildActionMask = 2147483647;
			files = (
			);
			inputFileListPaths = (
			);
			inputPaths = (
			);
			name = SwiftGen;
			outputFileListPaths = (
			);
			outputPaths = (
			);
			runOnlyForDeploymentPostprocessing = 0;
			shellPath = /bin/sh;
			shellScript = "if which swiftgen >/dev/null; then\n    swiftgen\nelse\n    echo \"warning: SwiftGen not installed, download from https://github.com/SwiftGen/SwiftGen\"\nfi\n";
		};
/* End PBXShellScriptBuildPhase section */

/* Begin PBXSourcesBuildPhase section */
		EA0FD59824C2B22D007EAE5D /* Sources */ = {
			isa = PBXSourcesBuildPhase;
			buildActionMask = 2147483647;
			files = (
				EA34255424C38DF8009C043E /* CharacterListPresenter.swift in Sources */,
				EA34254A24C380EF009C043E /* ServiceError.swift in Sources */,
				EA34255124C384EF009C043E /* CharactersEndpoint.swift in Sources */,
				EA34255724C39576009C043E /* CodeView.swift in Sources */,
				EA34254824C36206009C043E /* Character.swift in Sources */,
				EA34255B24C39642009C043E /* LoadingView.swift in Sources */,
				EA0FD5B624C2B44E007EAE5D /* CharacterListViewController.swift in Sources */,
				EA34254624C35F2F009C043E /* CharactersData.swift in Sources */,
				EA34254C24C383FB009C043E /* EndPoint.swift in Sources */,
				EA0FD5B924C2B879007EAE5D /* Service.swift in Sources */,
				EA34255D24C39789009C043E /* ConstraintView+Extension.swift in Sources */,
				EA38944224C351F4009EFCA2 /* Strings+Generated.swift in Sources */,
				EADD1EC424C3A32400B506E6 /* CharacterListDataSource.swift in Sources */,
				EADD1EC124C39BBB00B506E6 /* CharacterListView.swift in Sources */,
				EA38944624C3555D009EFCA2 /* CharacterListService.swift in Sources */,
				EA0FD5A024C2B22D007EAE5D /* AppDelegate.swift in Sources */,
				EA0FD5BB24C2BA06007EAE5D /* HTTPMethod.swift in Sources */,
				EA0FD5A224C2B22D007EAE5D /* SceneDelegate.swift in Sources */,
				EA34254F24C3847D009C043E /* Dictionary+Extension.swift in Sources */,
			);
			runOnlyForDeploymentPostprocessing = 0;
		};
/* End PBXSourcesBuildPhase section */

/* Begin PBXVariantGroup section */
		EA0FD5AA24C2B230007EAE5D /* LaunchScreen.storyboard */ = {
			isa = PBXVariantGroup;
			children = (
				EA0FD5AB24C2B230007EAE5D /* Base */,
			);
			name = LaunchScreen.storyboard;
			sourceTree = "<group>";
		};
		EA38943E24C350F7009EFCA2 /* Localizable.strings */ = {
			isa = PBXVariantGroup;
			children = (
				EA38943D24C350F7009EFCA2 /* en */,
			);
			name = Localizable.strings;
			sourceTree = "<group>";
		};
/* End PBXVariantGroup section */

/* Begin XCBuildConfiguration section */
		EA0FD5AE24C2B230007EAE5D /* Debug */ = {
			isa = XCBuildConfiguration;
			buildSettings = {
				ALWAYS_SEARCH_USER_PATHS = NO;
				CLANG_ANALYZER_NONNULL = YES;
				CLANG_ANALYZER_NUMBER_OBJECT_CONVERSION = YES_AGGRESSIVE;
				CLANG_CXX_LANGUAGE_STANDARD = "gnu++14";
				CLANG_CXX_LIBRARY = "libc++";
				CLANG_ENABLE_MODULES = YES;
				CLANG_ENABLE_OBJC_ARC = YES;
				CLANG_ENABLE_OBJC_WEAK = YES;
				CLANG_WARN_BLOCK_CAPTURE_AUTORELEASING = YES;
				CLANG_WARN_BOOL_CONVERSION = YES;
				CLANG_WARN_COMMA = YES;
				CLANG_WARN_CONSTANT_CONVERSION = YES;
				CLANG_WARN_DEPRECATED_OBJC_IMPLEMENTATIONS = YES;
				CLANG_WARN_DIRECT_OBJC_ISA_USAGE = YES_ERROR;
				CLANG_WARN_DOCUMENTATION_COMMENTS = YES;
				CLANG_WARN_EMPTY_BODY = YES;
				CLANG_WARN_ENUM_CONVERSION = YES;
				CLANG_WARN_INFINITE_RECURSION = YES;
				CLANG_WARN_INT_CONVERSION = YES;
				CLANG_WARN_NON_LITERAL_NULL_CONVERSION = YES;
				CLANG_WARN_OBJC_IMPLICIT_RETAIN_SELF = YES;
				CLANG_WARN_OBJC_LITERAL_CONVERSION = YES;
				CLANG_WARN_OBJC_ROOT_CLASS = YES_ERROR;
				CLANG_WARN_RANGE_LOOP_ANALYSIS = YES;
				CLANG_WARN_STRICT_PROTOTYPES = YES;
				CLANG_WARN_SUSPICIOUS_MOVE = YES;
				CLANG_WARN_UNGUARDED_AVAILABILITY = YES_AGGRESSIVE;
				CLANG_WARN_UNREACHABLE_CODE = YES;
				CLANG_WARN__DUPLICATE_METHOD_MATCH = YES;
				COPY_PHASE_STRIP = NO;
				DEBUG_INFORMATION_FORMAT = dwarf;
				ENABLE_STRICT_OBJC_MSGSEND = YES;
				ENABLE_TESTABILITY = YES;
				GCC_C_LANGUAGE_STANDARD = gnu11;
				GCC_DYNAMIC_NO_PIC = NO;
				GCC_NO_COMMON_BLOCKS = YES;
				GCC_OPTIMIZATION_LEVEL = 0;
				GCC_PREPROCESSOR_DEFINITIONS = (
					"DEBUG=1",
					"$(inherited)",
				);
				GCC_WARN_64_TO_32_BIT_CONVERSION = YES;
				GCC_WARN_ABOUT_RETURN_TYPE = YES_ERROR;
				GCC_WARN_UNDECLARED_SELECTOR = YES;
				GCC_WARN_UNINITIALIZED_AUTOS = YES_AGGRESSIVE;
				GCC_WARN_UNUSED_FUNCTION = YES;
				GCC_WARN_UNUSED_VARIABLE = YES;
				IPHONEOS_DEPLOYMENT_TARGET = 13.5;
				MTL_ENABLE_DEBUG_INFO = INCLUDE_SOURCE;
				MTL_FAST_MATH = YES;
				ONLY_ACTIVE_ARCH = YES;
				SDKROOT = iphoneos;
				SWIFT_ACTIVE_COMPILATION_CONDITIONS = DEBUG;
				SWIFT_OPTIMIZATION_LEVEL = "-Onone";
			};
			name = Debug;
		};
		EA0FD5AF24C2B230007EAE5D /* Release */ = {
			isa = XCBuildConfiguration;
			buildSettings = {
				ALWAYS_SEARCH_USER_PATHS = NO;
				CLANG_ANALYZER_NONNULL = YES;
				CLANG_ANALYZER_NUMBER_OBJECT_CONVERSION = YES_AGGRESSIVE;
				CLANG_CXX_LANGUAGE_STANDARD = "gnu++14";
				CLANG_CXX_LIBRARY = "libc++";
				CLANG_ENABLE_MODULES = YES;
				CLANG_ENABLE_OBJC_ARC = YES;
				CLANG_ENABLE_OBJC_WEAK = YES;
				CLANG_WARN_BLOCK_CAPTURE_AUTORELEASING = YES;
				CLANG_WARN_BOOL_CONVERSION = YES;
				CLANG_WARN_COMMA = YES;
				CLANG_WARN_CONSTANT_CONVERSION = YES;
				CLANG_WARN_DEPRECATED_OBJC_IMPLEMENTATIONS = YES;
				CLANG_WARN_DIRECT_OBJC_ISA_USAGE = YES_ERROR;
				CLANG_WARN_DOCUMENTATION_COMMENTS = YES;
				CLANG_WARN_EMPTY_BODY = YES;
				CLANG_WARN_ENUM_CONVERSION = YES;
				CLANG_WARN_INFINITE_RECURSION = YES;
				CLANG_WARN_INT_CONVERSION = YES;
				CLANG_WARN_NON_LITERAL_NULL_CONVERSION = YES;
				CLANG_WARN_OBJC_IMPLICIT_RETAIN_SELF = YES;
				CLANG_WARN_OBJC_LITERAL_CONVERSION = YES;
				CLANG_WARN_OBJC_ROOT_CLASS = YES_ERROR;
				CLANG_WARN_RANGE_LOOP_ANALYSIS = YES;
				CLANG_WARN_STRICT_PROTOTYPES = YES;
				CLANG_WARN_SUSPICIOUS_MOVE = YES;
				CLANG_WARN_UNGUARDED_AVAILABILITY = YES_AGGRESSIVE;
				CLANG_WARN_UNREACHABLE_CODE = YES;
				CLANG_WARN__DUPLICATE_METHOD_MATCH = YES;
				COPY_PHASE_STRIP = NO;
				DEBUG_INFORMATION_FORMAT = "dwarf-with-dsym";
				ENABLE_NS_ASSERTIONS = NO;
				ENABLE_STRICT_OBJC_MSGSEND = YES;
				GCC_C_LANGUAGE_STANDARD = gnu11;
				GCC_NO_COMMON_BLOCKS = YES;
				GCC_WARN_64_TO_32_BIT_CONVERSION = YES;
				GCC_WARN_ABOUT_RETURN_TYPE = YES_ERROR;
				GCC_WARN_UNDECLARED_SELECTOR = YES;
				GCC_WARN_UNINITIALIZED_AUTOS = YES_AGGRESSIVE;
				GCC_WARN_UNUSED_FUNCTION = YES;
				GCC_WARN_UNUSED_VARIABLE = YES;
				IPHONEOS_DEPLOYMENT_TARGET = 13.5;
				MTL_ENABLE_DEBUG_INFO = NO;
				MTL_FAST_MATH = YES;
				SDKROOT = iphoneos;
				SWIFT_COMPILATION_MODE = wholemodule;
				SWIFT_OPTIMIZATION_LEVEL = "-O";
				VALIDATE_PRODUCT = YES;
			};
			name = Release;
		};
		EA0FD5B124C2B230007EAE5D /* Debug */ = {
			isa = XCBuildConfiguration;
			buildSettings = {
				ASSETCATALOG_COMPILER_APPICON_NAME = AppIcon;
				CODE_SIGN_STYLE = Automatic;
				DEVELOPMENT_TEAM = 4SG7LJKUAM;
				INFOPLIST_FILE = MarvelCharacters/Info.plist;
				LD_RUNPATH_SEARCH_PATHS = (
					"$(inherited)",
					"@executable_path/Frameworks",
				);
				PRODUCT_BUNDLE_IDENTIFIER = com.challenge.MarvelCharacters;
				PRODUCT_NAME = "$(TARGET_NAME)";
				SWIFT_VERSION = 5.0;
				TARGETED_DEVICE_FAMILY = "1,2";
			};
			name = Debug;
		};
		EA0FD5B224C2B230007EAE5D /* Release */ = {
			isa = XCBuildConfiguration;
			buildSettings = {
				ASSETCATALOG_COMPILER_APPICON_NAME = AppIcon;
				CODE_SIGN_STYLE = Automatic;
				DEVELOPMENT_TEAM = 4SG7LJKUAM;
				INFOPLIST_FILE = MarvelCharacters/Info.plist;
				LD_RUNPATH_SEARCH_PATHS = (
					"$(inherited)",
					"@executable_path/Frameworks",
				);
				PRODUCT_BUNDLE_IDENTIFIER = com.challenge.MarvelCharacters;
				PRODUCT_NAME = "$(TARGET_NAME)";
				SWIFT_VERSION = 5.0;
				TARGETED_DEVICE_FAMILY = "1,2";
			};
			name = Release;
		};
/* End XCBuildConfiguration section */

/* Begin XCConfigurationList section */
		EA0FD59724C2B22D007EAE5D /* Build configuration list for PBXProject "MarvelCharacters" */ = {
			isa = XCConfigurationList;
			buildConfigurations = (
				EA0FD5AE24C2B230007EAE5D /* Debug */,
				EA0FD5AF24C2B230007EAE5D /* Release */,
			);
			defaultConfigurationIsVisible = 0;
			defaultConfigurationName = Release;
		};
		EA0FD5B024C2B230007EAE5D /* Build configuration list for PBXNativeTarget "MarvelCharacters" */ = {
			isa = XCConfigurationList;
			buildConfigurations = (
				EA0FD5B124C2B230007EAE5D /* Debug */,
				EA0FD5B224C2B230007EAE5D /* Release */,
			);
			defaultConfigurationIsVisible = 0;
			defaultConfigurationName = Release;
		};
/* End XCConfigurationList section */
	};
	rootObject = EA0FD59424C2B22D007EAE5D /* Project object */;
}
